dependencies:
- name: shipmight
  repository: https://shipmight.github.io/helm-charts
  version: 0.1.5
- name: ingress-nginx
  repository: https://kubernetes.github.io/ingress-nginx
  version: 4.0.18
- name: loki-stack
  repository: https://grafana.github.io/helm-charts
  version: 2.6.1
- name: cert-manager
  repository: https://charts.jetstack.io
  version: v1.7.1
- name: metrics-server
  repository: https://kubernetes-sigs.github.io/metrics-server
  version: 3.8.2
digest: sha256:cf16cb05cb69b17447cdc5c2d5d3b95c4f2b9d3e5a4ef5367f05bd38d69050ef
generated: "2022-03-07T13:25:29.206138+02:00"
