dependencies:
- name: shipmight
  repository: https://shipmight.github.io/helm-charts
  version: 0.1.8
- name: ingress-nginx
  repository: https://kubernetes.github.io/ingress-nginx
  version: 4.0.18
- name: loki
  repository: https://grafana.github.io/helm-charts
  version: 2.10.1
- name: promtail
  repository: https://grafana.github.io/helm-charts
  version: 2.2.0
- name: cert-manager
  repository: https://charts.jetstack.io
  version: v1.7.1
- name: metrics-server
  repository: https://kubernetes-sigs.github.io/metrics-server
  version: 3.8.2
digest: sha256:58d9f3459567e67c71303439ddc13f87cb992b5c447c3a6f4f47b51a68da1eac
generated: "2022-03-08T18:08:28.4548+02:00"
